
Microsoft Visual Studio Solution File, Format Version 12.00
# Visual Studio Version 16
VisualStudioVersion = 16.0.30621.155
MinimumVisualStudioVersion = 10.0.40219.1
Project("{FAE04EC0-301F-11D3-BF4B-00C04F79EFBC}") = "CS_ConsoleApp", "CS_ConsoleApp\CS_ConsoleApp.csproj", "{2DD5116F-1173-442B-8659-B78071D4AEE2}"
EndProject
Project("{2150E333-8FDC-42A3-9474-1A3956D46DE8}") = "Solution Items", "Solution Items", "{3B2596AE-15B4-45C8-9A16-004103320B69}"
	ProjectSection(SolutionItems) = preProject
		..\..\DB.pptx = ..\..\DB.pptx
		Readme.md = Readme.md
	EndProjectSection
EndProject
Project("{FAE04EC0-301F-11D3-BF4B-00C04F79EFBC}") = "CS_OOPs", "CS_OOPs\CS_OOPs.csproj", "{7BBDD0F5-50F7-4E93-876F-4CA6CE3E567A}"
EndProject
Project("{2150E333-8FDC-42A3-9474-1A3956D46DE8}") = "Day2", "Day2", "{AF1585D9-E2EF-460E-AD7E-F131226C6C24}"
EndProject
Project("{FAE04EC0-301F-11D3-BF4B-00C04F79EFBC}") = "CS_Extensions_Lambda", "CS_Extensions_Lambda\CS_Extensions_Lambda.csproj", "{53F6C2D3-669B-47FD-A82F-E922ACDB2579}"
EndProject
Project("{FAE04EC0-301F-11D3-BF4B-00C04F79EFBC}") = "CS_LamdbaExpression", "CS_LamdbaExpression\CS_LamdbaExpression.csproj", "{6AF5846C-C83E-4E92-A665-52710840EE04}"
EndProject
Project("{FAE04EC0-301F-11D3-BF4B-00C04F79EFBC}") = "CS_Collection_LINQ", "CS_Collection_LINQ\CS_Collection_LINQ.csproj", "{3932EEBB-7FCE-478D-AE69-D9ECEB46D5F9}"
EndProject
Project("{FAE04EC0-301F-11D3-BF4B-00C04F79EFBC}") = "CD_New_ExtensionMethod", "CD_New_ExtensionMethod\CD_New_ExtensionMethod.csproj", "{814CC3D3-0993-45B4-92CE-8D881AD43A14}"
EndProject
Project("{FAE04EC0-301F-11D3-BF4B-00C04F79EFBC}") = "CS_LINQ_New", "CS_LINQ_New\CS_LINQ_New.csproj", "{20512360-9F0B-44F7-83DD-19077E09E113}"
EndProject
Project("{2150E333-8FDC-42A3-9474-1A3956D46DE8}") = "ExerciseApp", "ExerciseApp", "{8E8AF945-DFEC-4BF8-A4DF-2C01F96495AC}"
EndProject
Project("{FAE04EC0-301F-11D3-BF4B-00C04F79EFBC}") = "CS_EmployeeInfo", "CS_EmployeeInfo\CS_EmployeeInfo.csproj", "{8BBB4D94-7842-4574-B0D8-E9792D000ECE}"
EndProject
Project("{2150E333-8FDC-42A3-9474-1A3956D46DE8}") = "ADONETApps", "ADONETApps", "{DD9F857E-1724-488A-9E64-1331E3A8E304}"
EndProject
Project("{FAE04EC0-301F-11D3-BF4B-00C04F79EFBC}") = "CS_ConnectArchi_DML", "CS_ConnectArchi_DML\CS_ConnectArchi_DML.csproj", "{7814BE43-AC37-4792-885C-A48094C0D4A1}"
EndProject
Project("{FAE04EC0-301F-11D3-BF4B-00C04F79EFBC}") = "CS_StoredProcs", "CS_StoredProcs\CS_StoredProcs.csproj", "{9F4DD514-F92F-49CA-A0C4-4787AFB979EC}"
EndProject
Project("{FAE04EC0-301F-11D3-BF4B-00C04F79EFBC}") = "CS_ADONET_Disconnected", "CS_ADONET_Disconnected\CS_ADONET_Disconnected.csproj", "{53619761-56AB-4DB6-91AE-BBB9A6155ED4}"
EndProject
Project("{FAE04EC0-301F-11D3-BF4B-00C04F79EFBC}") = "CS_ADO_NET_Disconnected_CRUD", "CS_ADO_NET_Disconnected_CRUD\CS_ADO_NET_Disconnected_CRUD.csproj", "{EC9FF9CD-5DD5-4992-AE44-4A6503BAA9D4}"
EndProject
Project("{2150E333-8FDC-42A3-9474-1A3956D46DE8}") = "EntityframeworkApps", "EntityframeworkApps", "{37961DF1-C2FB-4E41-9516-85F9C9049EEC}"
EndProject
Project("{FAE04EC0-301F-11D3-BF4B-00C04F79EFBC}") = "CS_EF_Demo_Database_Furst", "CS_EF_Demo_Database_Furst\CS_EF_Demo_Database_Furst.csproj", "{DC4256EF-0E97-4737-8797-72729E0215CE}"
EndProject
Project("{2150E333-8FDC-42A3-9474-1A3956D46DE8}") = "MVC_Application", "MVC_Application", "{2094EF09-A472-4A0E-89FD-8E5FFE324D16}"
EndProject
Project("{FAE04EC0-301F-11D3-BF4B-00C04F79EFBC}") = "MVC_Complete_App", "MVC_Complete_App\MVC_Complete_App.csproj", "{8BCB59A8-7B26-45C2-BCEB-EC39F0D471E1}"
EndProject
Project("{2150E333-8FDC-42A3-9474-1A3956D46DE8}") = "Misc", "Misc", "{CFC65598-191D-49C4-9D46-38EF520FD68F}"
EndProject
Project("{FAE04EC0-301F-11D3-BF4B-00C04F79EFBC}") = "CS_ObjectDep[ednency", "CS_ObjectDep[ednency\CS_ObjectDep[ednency.csproj", "{D86267D8-A8E0-499C-8521-32EE68D85B59}"
EndProject
Project("{2150E333-8FDC-42A3-9474-1A3956D46DE8}") = "ParallelPorgramming", "ParallelPorgramming", "{7B185C46-4AF7-4DCD-85C3-1E1870F5EA01}"
EndProject
Project("{FAE04EC0-301F-11D3-BF4B-00C04F79EFBC}") = "CS_Collections", "CS_Collections\CS_Collections.csproj", "{5EDAA8C2-366E-4C6D-AE40-C36A97E20372}"
EndProject
Project("{FAE04EC0-301F-11D3-BF4B-00C04F79EFBC}") = "CS_Parallel_Invoke", "CS_Parallel_Invoke\CS_Parallel_Invoke.csproj", "{EFE54C1C-2493-465D-B4A5-36ACE01AE20C}"
EndProject
Global
	GlobalSection(SolutionConfigurationPlatforms) = preSolution
		Debug|Any CPU = Debug|Any CPU
		Release|Any CPU = Release|Any CPU
	EndGlobalSection
	GlobalSection(ProjectConfigurationPlatforms) = postSolution
		{2DD5116F-1173-442B-8659-B78071D4AEE2}.Debug|Any CPU.ActiveCfg = Debug|Any CPU
		{2DD5116F-1173-442B-8659-B78071D4AEE2}.Debug|Any CPU.Build.0 = Debug|Any CPU
		{2DD5116F-1173-442B-8659-B78071D4AEE2}.Release|Any CPU.ActiveCfg = Release|Any CPU
		{2DD5116F-1173-442B-8659-B78071D4AEE2}.Release|Any CPU.Build.0 = Release|Any CPU
		{7BBDD0F5-50F7-4E93-876F-4CA6CE3E567A}.Debug|Any CPU.ActiveCfg = Debug|Any CPU
		{7BBDD0F5-50F7-4E93-876F-4CA6CE3E567A}.Debug|Any CPU.Build.0 = Debug|Any CPU
		{7BBDD0F5-50F7-4E93-876F-4CA6CE3E567A}.Release|Any CPU.ActiveCfg = Release|Any CPU
		{7BBDD0F5-50F7-4E93-876F-4CA6CE3E567A}.Release|Any CPU.Build.0 = Release|Any CPU
		{53F6C2D3-669B-47FD-A82F-E922ACDB2579}.Debug|Any CPU.ActiveCfg = Debug|Any CPU
		{53F6C2D3-669B-47FD-A82F-E922ACDB2579}.Debug|Any CPU.Build.0 = Debug|Any CPU
		{53F6C2D3-669B-47FD-A82F-E922ACDB2579}.Release|Any CPU.ActiveCfg = Release|Any CPU
		{53F6C2D3-669B-47FD-A82F-E922ACDB2579}.Release|Any CPU.Build.0 = Release|Any CPU
		{6AF5846C-C83E-4E92-A665-52710840EE04}.Debug|Any CPU.ActiveCfg = Debug|Any CPU
		{6AF5846C-C83E-4E92-A665-52710840EE04}.Debug|Any CPU.Build.0 = Debug|Any CPU
		{6AF5846C-C83E-4E92-A665-52710840EE04}.Release|Any CPU.ActiveCfg = Release|Any CPU
		{6AF5846C-C83E-4E92-A665-52710840EE04}.Release|Any CPU.Build.0 = Release|Any CPU
		{3932EEBB-7FCE-478D-AE69-D9ECEB46D5F9}.Debug|Any CPU.ActiveCfg = Debug|Any CPU
		{3932EEBB-7FCE-478D-AE69-D9ECEB46D5F9}.Debug|Any CPU.Build.0 = Debug|Any CPU
		{3932EEBB-7FCE-478D-AE69-D9ECEB46D5F9}.Release|Any CPU.ActiveCfg = Release|Any CPU
		{3932EEBB-7FCE-478D-AE69-D9ECEB46D5F9}.Release|Any CPU.Build.0 = Release|Any CPU
		{814CC3D3-0993-45B4-92CE-8D881AD43A14}.Debug|Any CPU.ActiveCfg = Debug|Any CPU
		{814CC3D3-0993-45B4-92CE-8D881AD43A14}.Debug|Any CPU.Build.0 = Debug|Any CPU
		{814CC3D3-0993-45B4-92CE-8D881AD43A14}.Release|Any CPU.ActiveCfg = Release|Any CPU
		{814CC3D3-0993-45B4-92CE-8D881AD43A14}.Release|Any CPU.Build.0 = Release|Any CPU
		{20512360-9F0B-44F7-83DD-19077E09E113}.Debug|Any CPU.ActiveCfg = Debug|Any CPU
		{20512360-9F0B-44F7-83DD-19077E09E113}.Debug|Any CPU.Build.0 = Debug|Any CPU
		{20512360-9F0B-44F7-83DD-19077E09E113}.Release|Any CPU.ActiveCfg = Release|Any CPU
		{20512360-9F0B-44F7-83DD-19077E09E113}.Release|Any CPU.Build.0 = Release|Any CPU
		{8BBB4D94-7842-4574-B0D8-E9792D000ECE}.Debug|Any CPU.ActiveCfg = Debug|Any CPU
		{8BBB4D94-7842-4574-B0D8-E9792D000ECE}.Debug|Any CPU.Build.0 = Debug|Any CPU
		{8BBB4D94-7842-4574-B0D8-E9792D000ECE}.Release|Any CPU.ActiveCfg = Release|Any CPU
		{8BBB4D94-7842-4574-B0D8-E9792D000ECE}.Release|Any CPU.Build.0 = Release|Any CPU
		{7814BE43-AC37-4792-885C-A48094C0D4A1}.Debug|Any CPU.ActiveCfg = Debug|Any CPU
		{7814BE43-AC37-4792-885C-A48094C0D4A1}.Debug|Any CPU.Build.0 = Debug|Any CPU
		{7814BE43-AC37-4792-885C-A48094C0D4A1}.Release|Any CPU.ActiveCfg = Release|Any CPU
		{7814BE43-AC37-4792-885C-A48094C0D4A1}.Release|Any CPU.Build.0 = Release|Any CPU
		{9F4DD514-F92F-49CA-A0C4-4787AFB979EC}.Debug|Any CPU.ActiveCfg = Debug|Any CPU
		{9F4DD514-F92F-49CA-A0C4-4787AFB979EC}.Debug|Any CPU.Build.0 = Debug|Any CPU
		{9F4DD514-F92F-49CA-A0C4-4787AFB979EC}.Release|Any CPU.ActiveCfg = Release|Any CPU
		{9F4DD514-F92F-49CA-A0C4-4787AFB979EC}.Release|Any CPU.Build.0 = Release|Any CPU
		{53619761-56AB-4DB6-91AE-BBB9A6155ED4}.Debug|Any CPU.ActiveCfg = Debug|Any CPU
		{53619761-56AB-4DB6-91AE-BBB9A6155ED4}.Debug|Any CPU.Build.0 = Debug|Any CPU
		{53619761-56AB-4DB6-91AE-BBB9A6155ED4}.Release|Any CPU.ActiveCfg = Release|Any CPU
		{53619761-56AB-4DB6-91AE-BBB9A6155ED4}.Release|Any CPU.Build.0 = Release|Any CPU
		{EC9FF9CD-5DD5-4992-AE44-4A6503BAA9D4}.Debug|Any CPU.ActiveCfg = Debug|Any CPU
		{EC9FF9CD-5DD5-4992-AE44-4A6503BAA9D4}.Debug|Any CPU.Build.0 = Debug|Any CPU
		{EC9FF9CD-5DD5-4992-AE44-4A6503BAA9D4}.Release|Any CPU.ActiveCfg = Release|Any CPU
		{EC9FF9CD-5DD5-4992-AE44-4A6503BAA9D4}.Release|Any CPU.Build.0 = Release|Any CPU
		{DC4256EF-0E97-4737-8797-72729E0215CE}.Debug|Any CPU.ActiveCfg = Debug|Any CPU
		{DC4256EF-0E97-4737-8797-72729E0215CE}.Debug|Any CPU.Build.0 = Debug|Any CPU
		{DC4256EF-0E97-4737-8797-72729E0215CE}.Release|Any CPU.ActiveCfg = Release|Any CPU
		{DC4256EF-0E97-4737-8797-72729E0215CE}.Release|Any CPU.Build.0 = Release|Any CPU
		{8BCB59A8-7B26-45C2-BCEB-EC39F0D471E1}.Debug|Any CPU.ActiveCfg = Debug|Any CPU
		{8BCB59A8-7B26-45C2-BCEB-EC39F0D471E1}.Debug|Any CPU.Build.0 = Debug|Any CPU
		{8BCB59A8-7B26-45C2-BCEB-EC39F0D471E1}.Release|Any CPU.ActiveCfg = Release|Any CPU
		{8BCB59A8-7B26-45C2-BCEB-EC39F0D471E1}.Release|Any CPU.Build.0 = Release|Any CPU
		{D86267D8-A8E0-499C-8521-32EE68D85B59}.Debug|Any CPU.ActiveCfg = Debug|Any CPU
		{D86267D8-A8E0-499C-8521-32EE68D85B59}.Debug|Any CPU.Build.0 = Debug|Any CPU
		{D86267D8-A8E0-499C-8521-32EE68D85B59}.Release|Any CPU.ActiveCfg = Release|Any CPU
		{D86267D8-A8E0-499C-8521-32EE68D85B59}.Release|Any CPU.Build.0 = Release|Any CPU
		{5EDAA8C2-366E-4C6D-AE40-C36A97E20372}.Debug|Any CPU.ActiveCfg = Debug|Any CPU
		{5EDAA8C2-366E-4C6D-AE40-C36A97E20372}.Debug|Any CPU.Build.0 = Debug|Any CPU
		{5EDAA8C2-366E-4C6D-AE40-C36A97E20372}.Release|Any CPU.ActiveCfg = Release|Any CPU
		{5EDAA8C2-366E-4C6D-AE40-C36A97E20372}.Release|Any CPU.Build.0 = Release|Any CPU
		{EFE54C1C-2493-465D-B4A5-36ACE01AE20C}.Debug|Any CPU.ActiveCfg = Debug|Any CPU
		{EFE54C1C-2493-465D-B4A5-36ACE01AE20C}.Debug|Any CPU.Build.0 = Debug|Any CPU
		{EFE54C1C-2493-465D-B4A5-36ACE01AE20C}.Release|Any CPU.ActiveCfg = Release|Any CPU
		{EFE54C1C-2493-465D-B4A5-36ACE01AE20C}.Release|Any CPU.Build.0 = Release|Any CPU
	EndGlobalSection
	GlobalSection(SolutionProperties) = preSolution
		HideSolutionNode = FALSE
	EndGlobalSection
	GlobalSection(NestedProjects) = preSolution
		{53F6C2D3-669B-47FD-A82F-E922ACDB2579} = {AF1585D9-E2EF-460E-AD7E-F131226C6C24}
		{6AF5846C-C83E-4E92-A665-52710840EE04} = {AF1585D9-E2EF-460E-AD7E-F131226C6C24}
		{3932EEBB-7FCE-478D-AE69-D9ECEB46D5F9} = {AF1585D9-E2EF-460E-AD7E-F131226C6C24}
		{814CC3D3-0993-45B4-92CE-8D881AD43A14} = {AF1585D9-E2EF-460E-AD7E-F131226C6C24}
		{20512360-9F0B-44F7-83DD-19077E09E113} = {AF1585D9-E2EF-460E-AD7E-F131226C6C24}
		{8BBB4D94-7842-4574-B0D8-E9792D000ECE} = {8E8AF945-DFEC-4BF8-A4DF-2C01F96495AC}
		{7814BE43-AC37-4792-885C-A48094C0D4A1} = {DD9F857E-1724-488A-9E64-1331E3A8E304}
		{9F4DD514-F92F-49CA-A0C4-4787AFB979EC} = {DD9F857E-1724-488A-9E64-1331E3A8E304}
		{53619761-56AB-4DB6-91AE-BBB9A6155ED4} = {DD9F857E-1724-488A-9E64-1331E3A8E304}
		{EC9FF9CD-5DD5-4992-AE44-4A6503BAA9D4} = {DD9F857E-1724-488A-9E64-1331E3A8E304}
		{DC4256EF-0E97-4737-8797-72729E0215CE} = {37961DF1-C2FB-4E41-9516-85F9C9049EEC}
		{8BCB59A8-7B26-45C2-BCEB-EC39F0D471E1} = {2094EF09-A472-4A0E-89FD-8E5FFE324D16}
		{D86267D8-A8E0-499C-8521-32EE68D85B59} = {CFC65598-191D-49C4-9D46-38EF520FD68F}
		{5EDAA8C2-366E-4C6D-AE40-C36A97E20372} = {7B185C46-4AF7-4DCD-85C3-1E1870F5EA01}
		{EFE54C1C-2493-465D-B4A5-36ACE01AE20C} = {7B185C46-4AF7-4DCD-85C3-1E1870F5EA01}
	EndGlobalSection
	GlobalSection(ExtensibilityGlobals) = postSolution
		SolutionGuid = {BBE72403-84D4-4796-9D4E-9F2DD9775EB8}
	EndGlobalSection
EndGlobal
